// !$*UTF8*$!
{
	archiveVersion = 1;
	classes = {
	};
	objectVersion = 56;
	objects = {

/* Begin PBXBuildFile section */
		BCF4158F29CA881E00807FDB /* Pocket_BookApp.swift in Sources */ = {isa = PBXBuildFile; fileRef = BCF4158E29CA881E00807FDB /* Pocket_BookApp.swift */; };
		BCF4159129CA881E00807FDB /* ContentView.swift in Sources */ = {isa = PBXBuildFile; fileRef = BCF4159029CA881E00807FDB /* ContentView.swift */; };
		BCF4159329CA881F00807FDB /* Assets.xcassets in Resources */ = {isa = PBXBuildFile; fileRef = BCF4159229CA881F00807FDB /* Assets.xcassets */; };
		BCF4159629CA881F00807FDB /* Preview Assets.xcassets in Resources */ = {isa = PBXBuildFile; fileRef = BCF4159529CA881F00807FDB /* Preview Assets.xcassets */; };
		BCF4159E29CA889100807FDB /* Login.swift in Sources */ = {isa = PBXBuildFile; fileRef = BCF4159D29CA889100807FDB /* Login.swift */; };
		BCF415A029CA967A00807FDB /* Home.swift in Sources */ = {isa = PBXBuildFile; fileRef = BCF4159F29CA967A00807FDB /* Home.swift */; };
		BCF415A329CA981100807FDB /* FirebaseAuth in Frameworks */ = {isa = PBXBuildFile; productRef = BCF415A229CA981100807FDB /* FirebaseAuth */; };
		BCF415A529CA981100807FDB /* FirebaseFirestore in Frameworks */ = {isa = PBXBuildFile; productRef = BCF415A429CA981100807FDB /* FirebaseFirestore */; };
		BCF415A729CA994900807FDB /* GoogleService-Info.plist in Resources */ = {isa = PBXBuildFile; fileRef = BCF415A629CA994900807FDB /* GoogleService-Info.plist */; };
		BCF415AA29CB5DE000807FDB /* Expense.swift in Sources */ = {isa = PBXBuildFile; fileRef = BCF415A929CB5DE000807FDB /* Expense.swift */; };
		BCF415AD29CB657A00807FDB /* DataStore.swift in Sources */ = {isa = PBXBuildFile; fileRef = BCF415AC29CB657A00807FDB /* DataStore.swift */; };
/* End PBXBuildFile section */

/* Begin PBXFileReference section */
		BCF4158B29CA881E00807FDB /* Pocket Book.app */ = {isa = PBXFileReference; explicitFileType = wrapper.application; includeInIndex = 0; path = "Pocket Book.app"; sourceTree = BUILT_PRODUCTS_DIR; };
		BCF4158E29CA881E00807FDB /* Pocket_BookApp.swift */ = {isa = PBXFileReference; lastKnownFileType = sourcecode.swift; path = Pocket_BookApp.swift; sourceTree = "<group>"; };
		BCF4159029CA881E00807FDB /* ContentView.swift */ = {isa = PBXFileReference; lastKnownFileType = sourcecode.swift; path = ContentView.swift; sourceTree = "<group>"; };
		BCF4159229CA881F00807FDB /* Assets.xcassets */ = {isa = PBXFileReference; lastKnownFileType = folder.assetcatalog; path = Assets.xcassets; sourceTree = "<group>"; };
		BCF4159529CA881F00807FDB /* Preview Assets.xcassets */ = {isa = PBXFileReference; lastKnownFileType = folder.assetcatalog; path = "Preview Assets.xcassets"; sourceTree = "<group>"; };
		BCF4159D29CA889100807FDB /* Login.swift */ = {isa = PBXFileReference; lastKnownFileType = sourcecode.swift; path = Login.swift; sourceTree = "<group>"; };
		BCF4159F29CA967A00807FDB /* Home.swift */ = {isa = PBXFileReference; lastKnownFileType = sourcecode.swift; path = Home.swift; sourceTree = "<group>"; };
		BCF415A629CA994900807FDB /* GoogleService-Info.plist */ = {isa = PBXFileReference; fileEncoding = 4; lastKnownFileType = text.plist.xml; name = "GoogleService-Info.plist"; path = "../../../Downloads/GoogleService-Info.plist"; sourceTree = "<group>"; };
		BCF415A929CB5DE000807FDB /* Expense.swift */ = {isa = PBXFileReference; lastKnownFileType = sourcecode.swift; path = Expense.swift; sourceTree = "<group>"; };
		BCF415AC29CB657A00807FDB /* DataStore.swift */ = {isa = PBXFileReference; lastKnownFileType = sourcecode.swift; path = DataStore.swift; sourceTree = "<group>"; };
/* End PBXFileReference section */

/* Begin PBXFrameworksBuildPhase section */
		BCF4158829CA881E00807FDB /* Frameworks */ = {
			isa = PBXFrameworksBuildPhase;
			buildActionMask = 2147483647;
			files = (
				BCF415A329CA981100807FDB /* FirebaseAuth in Frameworks */,
				BCF415A529CA981100807FDB /* FirebaseFirestore in Frameworks */,
			);
			runOnlyForDeploymentPostprocessing = 0;
		};
/* End PBXFrameworksBuildPhase section */

/* Begin PBXGroup section */
		BCF4158229CA881E00807FDB = {
			isa = PBXGroup;
			children = (
				BCF415A629CA994900807FDB /* GoogleService-Info.plist */,
				BCF415AB29CB618D00807FDB /* Global */,
				BCF415A829CB5DC700807FDB /* Models */,
				BCF4158D29CA881E00807FDB /* Pocket Book */,
				BCF4158C29CA881E00807FDB /* Products */,
			);
			sourceTree = "<group>";
		};
		BCF4158C29CA881E00807FDB /* Products */ = {
			isa = PBXGroup;
			children = (
				BCF4158B29CA881E00807FDB /* Pocket Book.app */,
			);
			name = Products;
			sourceTree = "<group>";
		};
		BCF4158D29CA881E00807FDB /* Pocket Book */ = {
			isa = PBXGroup;
			children = (
				BCF4158E29CA881E00807FDB /* Pocket_BookApp.swift */,
				BCF4159029CA881E00807FDB /* ContentView.swift */,
				BCF4159C29CA887A00807FDB /* Views */,
				BCF4159229CA881F00807FDB /* Assets.xcassets */,
				BCF4159429CA881F00807FDB /* Preview Content */,
			);
			path = "Pocket Book";
			sourceTree = "<group>";
		};
		BCF4159429CA881F00807FDB /* Preview Content */ = {
			isa = PBXGroup;
			children = (
				BCF4159529CA881F00807FDB /* Preview Assets.xcassets */,
			);
			path = "Preview Content";
			sourceTree = "<group>";
		};
		BCF4159C29CA887A00807FDB /* Views */ = {
			isa = PBXGroup;
			children = (
				BCF4159D29CA889100807FDB /* Login.swift */,
				BCF4159F29CA967A00807FDB /* Home.swift */,
			);
			path = Views;
			sourceTree = "<group>";
		};
		BCF415A829CB5DC700807FDB /* Models */ = {
			isa = PBXGroup;
			children = (
				BCF415A929CB5DE000807FDB /* Expense.swift */,
			);
			path = Models;
			sourceTree = "<group>";
		};
		BCF415AB29CB618D00807FDB /* Global */ = {
			isa = PBXGroup;
			children = (
				BCF415AC29CB657A00807FDB /* DataStore.swift */,
			);
			path = Global;
			sourceTree = "<group>";
		};
/* End PBXGroup section */

/* Begin PBXNativeTarget section */
		BCF4158A29CA881E00807FDB /* Pocket Book */ = {
			isa = PBXNativeTarget;
			buildConfigurationList = BCF4159929CA881F00807FDB /* Build configuration list for PBXNativeTarget "Pocket Book" */;
			buildPhases = (
				BCF4158729CA881E00807FDB /* Sources */,
				BCF4158829CA881E00807FDB /* Frameworks */,
				BCF4158929CA881E00807FDB /* Resources */,
			);
			buildRules = (
			);
			dependencies = (
			);
			name = "Pocket Book";
			packageProductDependencies = (
				BCF415A229CA981100807FDB /* FirebaseAuth */,
				BCF415A429CA981100807FDB /* FirebaseFirestore */,
			);
			productName = "Pocket Book";
			productReference = BCF4158B29CA881E00807FDB /* Pocket Book.app */;
			productType = "com.apple.product-type.application";
		};
/* End PBXNativeTarget section */

/* Begin PBXProject section */
		BCF4158329CA881E00807FDB /* Project object */ = {
			isa = PBXProject;
			attributes = {
				BuildIndependentTargetsInParallel = 1;
				LastSwiftUpdateCheck = 1420;
				LastUpgradeCheck = 1420;
				TargetAttributes = {
					BCF4158A29CA881E00807FDB = {
						CreatedOnToolsVersion = 14.2;
					};
				};
			};
			buildConfigurationList = BCF4158629CA881E00807FDB /* Build configuration list for PBXProject "Pocket Book" */;
			compatibilityVersion = "Xcode 14.0";
			developmentRegion = en;
			hasScannedForEncodings = 0;
			knownRegions = (
				en,
				Base,
			);
			mainGroup = BCF4158229CA881E00807FDB;
			packageReferences = (
				BCF415A129CA981100807FDB /* XCRemoteSwiftPackageReference "firebase-ios-sdk" */,
			);
			productRefGroup = BCF4158C29CA881E00807FDB /* Products */;
			projectDirPath = "";
			projectRoot = "";
			targets = (
				BCF4158A29CA881E00807FDB /* Pocket Book */,
			);
		};
/* End PBXProject section */

/* Begin PBXResourcesBuildPhase section */
		BCF4158929CA881E00807FDB /* Resources */ = {
			isa = PBXResourcesBuildPhase;
			buildActionMask = 2147483647;
			files = (
				BCF4159629CA881F00807FDB /* Preview Assets.xcassets in Resources */,
				BCF4159329CA881F00807FDB /* Assets.xcassets in Resources */,
				BCF415A729CA994900807FDB /* GoogleService-Info.plist in Resources */,
			);
			runOnlyForDeploymentPostprocessing = 0;
		};
/* End PBXResourcesBuildPhase section */

/* Begin PBXSourcesBuildPhase section */
		BCF4158729CA881E00807FDB /* Sources */ = {
			isa = PBXSourcesBuildPhase;
			buildActionMask = 2147483647;
			files = (
				BCF4159E29CA889100807FDB /* Login.swift in Sources */,
				BCF415AD29CB657A00807FDB /* DataStore.swift in Sources */,
				BCF4159129CA881E00807FDB /* ContentView.swift in Sources */,
				BCF415A029CA967A00807FDB /* Home.swift in Sources */,
				BCF4158F29CA881E00807FDB /* Pocket_BookApp.swift in Sources */,
				BCF415AA29CB5DE000807FDB /* Expense.swift in Sources */,
			);
			runOnlyForDeploymentPostprocessing = 0;
		};
/* End PBXSourcesBuildPhase section */

/* Begin XCBuildConfiguration section */
		BCF4159729CA881F00807FDB /* Debug */ = {
			isa = XCBuildConfiguration;
			buildSettings = {
				ALWAYS_SEARCH_USER_PATHS = NO;
				CLANG_ANALYZER_NONNULL = YES;
				CLANG_ANALYZER_NUMBER_OBJECT_CONVERSION = YES_AGGRESSIVE;
				CLANG_CXX_LANGUAGE_STANDARD = "gnu++20";
				CLANG_ENABLE_MODULES = YES;
				CLANG_ENABLE_OBJC_ARC = YES;
				CLANG_ENABLE_OBJC_WEAK = YES;
				CLANG_WARN_BLOCK_CAPTURE_AUTORELEASING = YES;
				CLANG_WARN_BOOL_CONVERSION = YES;
				CLANG_WARN_COMMA = YES;
				CLANG_WARN_CONSTANT_CONVERSION = YES;
				CLANG_WARN_DEPRECATED_OBJC_IMPLEMENTATIONS = YES;
				CLANG_WARN_DIRECT_OBJC_ISA_USAGE = YES_ERROR;
				CLANG_WARN_DOCUMENTATION_COMMENTS = YES;
				CLANG_WARN_EMPTY_BODY = YES;
				CLANG_WARN_ENUM_CONVERSION = YES;
				CLANG_WARN_INFINITE_RECURSION = YES;
				CLANG_WARN_INT_CONVERSION = YES;
				CLANG_WARN_NON_LITERAL_NULL_CONVERSION = YES;
				CLANG_WARN_OBJC_IMPLICIT_RETAIN_SELF = YES;
				CLANG_WARN_OBJC_LITERAL_CONVERSION = YES;
				CLANG_WARN_OBJC_ROOT_CLASS = YES_ERROR;
				CLANG_WARN_QUOTED_INCLUDE_IN_FRAMEWORK_HEADER = YES;
				CLANG_WARN_RANGE_LOOP_ANALYSIS = YES;
				CLANG_WARN_STRICT_PROTOTYPES = YES;
				CLANG_WARN_SUSPICIOUS_MOVE = YES;
				CLANG_WARN_UNGUARDED_AVAILABILITY = YES_AGGRESSIVE;
				CLANG_WARN_UNREACHABLE_CODE = YES;
				CLANG_WARN__DUPLICATE_METHOD_MATCH = YES;
				COPY_PHASE_STRIP = NO;
				DEBUG_INFORMATION_FORMAT = dwarf;
				ENABLE_STRICT_OBJC_MSGSEND = YES;
				ENABLE_TESTABILITY = YES;
				GCC_C_LANGUAGE_STANDARD = gnu11;
				GCC_DYNAMIC_NO_PIC = NO;
				GCC_NO_COMMON_BLOCKS = YES;
				GCC_OPTIMIZATION_LEVEL = 0;
				GCC_PREPROCESSOR_DEFINITIONS = (
					"DEBUG=1",
					"$(inherited)",
				);
				GCC_WARN_64_TO_32_BIT_CONVERSION = YES;
				GCC_WARN_ABOUT_RETURN_TYPE = YES_ERROR;
				GCC_WARN_UNDECLARED_SELECTOR = YES;
				GCC_WARN_UNINITIALIZED_AUTOS = YES_AGGRESSIVE;
				GCC_WARN_UNUSED_FUNCTION = YES;
				GCC_WARN_UNUSED_VARIABLE = YES;
				IPHONEOS_DEPLOYMENT_TARGET = 16.2;
				MTL_ENABLE_DEBUG_INFO = INCLUDE_SOURCE;
				MTL_FAST_MATH = YES;
				ONLY_ACTIVE_ARCH = YES;
				SDKROOT = iphoneos;
				SWIFT_ACTIVE_COMPILATION_CONDITIONS = DEBUG;
				SWIFT_OPTIMIZATION_LEVEL = "-Onone";
			};
			name = Debug;
		};
		BCF4159829CA881F00807FDB /* Release */ = {
			isa = XCBuildConfiguration;
			buildSettings = {
				ALWAYS_SEARCH_USER_PATHS = NO;
				CLANG_ANALYZER_NONNULL = YES;
				CLANG_ANALYZER_NUMBER_OBJECT_CONVERSION = YES_AGGRESSIVE;
				CLANG_CXX_LANGUAGE_STANDARD = "gnu++20";
				CLANG_ENABLE_MODULES = YES;
				CLANG_ENABLE_OBJC_ARC = YES;
				CLANG_ENABLE_OBJC_WEAK = YES;
				CLANG_WARN_BLOCK_CAPTURE_AUTORELEASING = YES;
				CLANG_WARN_BOOL_CONVERSION = YES;
				CLANG_WARN_COMMA = YES;
				CLANG_WARN_CONSTANT_CONVERSION = YES;
				CLANG_WARN_DEPRECATED_OBJC_IMPLEMENTATIONS = YES;
				CLANG_WARN_DIRECT_OBJC_ISA_USAGE = YES_ERROR;
				CLANG_WARN_DOCUMENTATION_COMMENTS = YES;
				CLANG_WARN_EMPTY_BODY = YES;
				CLANG_WARN_ENUM_CONVERSION = YES;
				CLANG_WARN_INFINITE_RECURSION = YES;
				CLANG_WARN_INT_CONVERSION = YES;
				CLANG_WARN_NON_LITERAL_NULL_CONVERSION = YES;
				CLANG_WARN_OBJC_IMPLICIT_RETAIN_SELF = YES;
				CLANG_WARN_OBJC_LITERAL_CONVERSION = YES;
				CLANG_WARN_OBJC_ROOT_CLASS = YES_ERROR;
				CLANG_WARN_QUOTED_INCLUDE_IN_FRAMEWORK_HEADER = YES;
				CLANG_WARN_RANGE_LOOP_ANALYSIS = YES;
				CLANG_WARN_STRICT_PROTOTYPES = YES;
				CLANG_WARN_SUSPICIOUS_MOVE = YES;
				CLANG_WARN_UNGUARDED_AVAILABILITY = YES_AGGRESSIVE;
				CLANG_WARN_UNREACHABLE_CODE = YES;
				CLANG_WARN__DUPLICATE_METHOD_MATCH = YES;
				COPY_PHASE_STRIP = NO;
				DEBUG_INFORMATION_FORMAT = "dwarf-with-dsym";
				ENABLE_NS_ASSERTIONS = NO;
				ENABLE_STRICT_OBJC_MSGSEND = YES;
				GCC_C_LANGUAGE_STANDARD = gnu11;
				GCC_NO_COMMON_BLOCKS = YES;
				GCC_WARN_64_TO_32_BIT_CONVERSION = YES;
				GCC_WARN_ABOUT_RETURN_TYPE = YES_ERROR;
				GCC_WARN_UNDECLARED_SELECTOR = YES;
				GCC_WARN_UNINITIALIZED_AUTOS = YES_AGGRESSIVE;
				GCC_WARN_UNUSED_FUNCTION = YES;
				GCC_WARN_UNUSED_VARIABLE = YES;
				IPHONEOS_DEPLOYMENT_TARGET = 16.2;
				MTL_ENABLE_DEBUG_INFO = NO;
				MTL_FAST_MATH = YES;
				SDKROOT = iphoneos;
				SWIFT_COMPILATION_MODE = wholemodule;
				SWIFT_OPTIMIZATION_LEVEL = "-O";
				VALIDATE_PRODUCT = YES;
			};
			name = Release;
		};
		BCF4159A29CA881F00807FDB /* Debug */ = {
			isa = XCBuildConfiguration;
			buildSettings = {
				ASSETCATALOG_COMPILER_APPICON_NAME = AppIcon;
				ASSETCATALOG_COMPILER_GLOBAL_ACCENT_COLOR_NAME = AccentColor;
				CODE_SIGN_STYLE = Automatic;
				CURRENT_PROJECT_VERSION = 1;
				DEVELOPMENT_ASSET_PATHS = "\"Pocket Book/Preview Content\"";
				ENABLE_PREVIEWS = YES;
				GENERATE_INFOPLIST_FILE = YES;
				INFOPLIST_KEY_UIApplicationSceneManifest_Generation = YES;
				INFOPLIST_KEY_UIApplicationSupportsIndirectInputEvents = YES;
				INFOPLIST_KEY_UILaunchScreen_Generation = YES;
				INFOPLIST_KEY_UISupportedInterfaceOrientations_iPad = "UIInterfaceOrientationPortrait UIInterfaceOrientationPortraitUpsideDown UIInterfaceOrientationLandscapeLeft UIInterfaceOrientationLandscapeRight";
				INFOPLIST_KEY_UISupportedInterfaceOrientations_iPhone = "UIInterfaceOrientationPortrait UIInterfaceOrientationLandscapeLeft UIInterfaceOrientationLandscapeRight";
				LD_RUNPATH_SEARCH_PATHS = (
					"$(inherited)",
					"@executable_path/Frameworks",
				);
				MARKETING_VERSION = 1.0;
				PRODUCT_BUNDLE_IDENTIFIER = "com.bynaol.Pocket-Book";
				PRODUCT_NAME = "$(TARGET_NAME)";
				SWIFT_EMIT_LOC_STRINGS = YES;
				SWIFT_VERSION = 5.0;
				TARGETED_DEVICE_FAMILY = "1,2";
			};
			name = Debug;
		};
		BCF4159B29CA881F00807FDB /* Release */ = {
			isa = XCBuildConfiguration;
			buildSettings = {
				ASSETCATALOG_COMPILER_APPICON_NAME = AppIcon;
				ASSETCATALOG_COMPILER_GLOBAL_ACCENT_COLOR_NAME = AccentColor;
				CODE_SIGN_STYLE = Automatic;
				CURRENT_PROJECT_VERSION = 1;
				DEVELOPMENT_ASSET_PATHS = "\"Pocket Book/Preview Content\"";
				ENABLE_PREVIEWS = YES;
				GENERATE_INFOPLIST_FILE = YES;
				INFOPLIST_KEY_UIApplicationSceneManifest_Generation = YES;
				INFOPLIST_KEY_UIApplicationSupportsIndirectInputEvents = YES;
				INFOPLIST_KEY_UILaunchScreen_Generation = YES;
				INFOPLIST_KEY_UISupportedInterfaceOrientations_iPad = "UIInterfaceOrientationPortrait UIInterfaceOrientationPortraitUpsideDown UIInterfaceOrientationLandscapeLeft UIInterfaceOrientationLandscapeRight";
				INFOPLIST_KEY_UISupportedInterfaceOrientations_iPhone = "UIInterfaceOrientationPortrait UIInterfaceOrientationLandscapeLeft UIInterfaceOrientationLandscapeRight";
				LD_RUNPATH_SEARCH_PATHS = (
					"$(inherited)",
					"@executable_path/Frameworks",
				);
				MARKETING_VERSION = 1.0;
				PRODUCT_BUNDLE_IDENTIFIER = "com.bynaol.Pocket-Book";
				PRODUCT_NAME = "$(TARGET_NAME)";
				SWIFT_EMIT_LOC_STRINGS = YES;
				SWIFT_VERSION = 5.0;
				TARGETED_DEVICE_FAMILY = "1,2";
			};
			name = Release;
		};
/* End XCBuildConfiguration section */

/* Begin XCConfigurationList section */
		BCF4158629CA881E00807FDB /* Build configuration list for PBXProject "Pocket Book" */ = {
			isa = XCConfigurationList;
			buildConfigurations = (
				BCF4159729CA881F00807FDB /* Debug */,
				BCF4159829CA881F00807FDB /* Release */,
			);
			defaultConfigurationIsVisible = 0;
			defaultConfigurationName = Release;
		};
		BCF4159929CA881F00807FDB /* Build configuration list for PBXNativeTarget "Pocket Book" */ = {
			isa = XCConfigurationList;
			buildConfigurations = (
				BCF4159A29CA881F00807FDB /* Debug */,
				BCF4159B29CA881F00807FDB /* Release */,
			);
			defaultConfigurationIsVisible = 0;
			defaultConfigurationName = Release;
		};
/* End XCConfigurationList section */

/* Begin XCRemoteSwiftPackageReference section */
		BCF415A129CA981100807FDB /* XCRemoteSwiftPackageReference "firebase-ios-sdk" */ = {
			isa = XCRemoteSwiftPackageReference;
			repositoryURL = "https://github.com/firebase/firebase-ios-sdk.git";
			requirement = {
				kind = upToNextMajorVersion;
				minimumVersion = 9.0.0;
			};
		};
/* End XCRemoteSwiftPackageReference section */

/* Begin XCSwiftPackageProductDependency section */
		BCF415A229CA981100807FDB /* FirebaseAuth */ = {
			isa = XCSwiftPackageProductDependency;
			package = BCF415A129CA981100807FDB /* XCRemoteSwiftPackageReference "firebase-ios-sdk" */;
			productName = FirebaseAuth;
		};
		BCF415A429CA981100807FDB /* FirebaseFirestore */ = {
			isa = XCSwiftPackageProductDependency;
			package = BCF415A129CA981100807FDB /* XCRemoteSwiftPackageReference "firebase-ios-sdk" */;
			productName = FirebaseFirestore;
		};
/* End XCSwiftPackageProductDependency section */
	};
	rootObject = BCF4158329CA881E00807FDB /* Project object */;
}
